
Microsoft Visual Studio Solution File, Format Version 12.00
# Visual Studio 15
VisualStudioVersion = 15.0.26124.0
MinimumVisualStudioVersion = 15.0.26124.0
Project("{FAE04EC0-301F-11D3-BF4B-00C04F79EFBC}") = "appConsole", "appConsole\appConsole.csproj", "{DE2831B0-198E-4D8D-8359-A1406AB465B2}"
EndProject
Project("{FAE04EC0-301F-11D3-BF4B-00C04F79EFBC}") = "libAppConsole", "libAppConsole\libAppConsole.csproj", "{851362ED-6DF0-430C-B014-B100EB625CA7}"
EndProject
Project("{FAE04EC0-301F-11D3-BF4B-00C04F79EFBC}") = "interfaceAppConsole", "interfaceAppConsole\interfaceAppConsole.csproj", "{CD281238-142E-4603-8205-FFB6E412D203}"
EndProject
Global
	GlobalSection(SolutionConfigurationPlatforms) = preSolution
		Debug|Any CPU = Debug|Any CPU
		Debug|x64 = Debug|x64
		Debug|x86 = Debug|x86
		Release|Any CPU = Release|Any CPU
		Release|x64 = Release|x64
		Release|x86 = Release|x86
	EndGlobalSection
	GlobalSection(SolutionProperties) = preSolution
		HideSolutionNode = FALSE
	EndGlobalSection
	GlobalSection(ProjectConfigurationPlatforms) = postSolution
		{DE2831B0-198E-4D8D-8359-A1406AB465B2}.Debug|Any CPU.ActiveCfg = Debug|Any CPU
		{DE2831B0-198E-4D8D-8359-A1406AB465B2}.Debug|Any CPU.Build.0 = Debug|Any CPU
		{DE2831B0-198E-4D8D-8359-A1406AB465B2}.Debug|x64.ActiveCfg = Debug|Any CPU
		{DE2831B0-198E-4D8D-8359-A1406AB465B2}.Debug|x64.Build.0 = Debug|Any CPU
		{DE2831B0-198E-4D8D-8359-A1406AB465B2}.Debug|x86.ActiveCfg = Debug|Any CPU
		{DE2831B0-198E-4D8D-8359-A1406AB465B2}.Debug|x86.Build.0 = Debug|Any CPU
		{DE2831B0-198E-4D8D-8359-A1406AB465B2}.Release|Any CPU.ActiveCfg = Release|Any CPU
		{DE2831B0-198E-4D8D-8359-A1406AB465B2}.Release|Any CPU.Build.0 = Release|Any CPU
		{DE2831B0-198E-4D8D-8359-A1406AB465B2}.Release|x64.ActiveCfg = Release|Any CPU
		{DE2831B0-198E-4D8D-8359-A1406AB465B2}.Release|x64.Build.0 = Release|Any CPU
		{DE2831B0-198E-4D8D-8359-A1406AB465B2}.Release|x86.ActiveCfg = Release|Any CPU
		{DE2831B0-198E-4D8D-8359-A1406AB465B2}.Release|x86.Build.0 = Release|Any CPU
		{851362ED-6DF0-430C-B014-B100EB625CA7}.Debug|Any CPU.ActiveCfg = Debug|Any CPU
		{851362ED-6DF0-430C-B014-B100EB625CA7}.Debug|Any CPU.Build.0 = Debug|Any CPU
		{851362ED-6DF0-430C-B014-B100EB625CA7}.Debug|x64.ActiveCfg = Debug|Any CPU
		{851362ED-6DF0-430C-B014-B100EB625CA7}.Debug|x64.Build.0 = Debug|Any CPU
		{851362ED-6DF0-430C-B014-B100EB625CA7}.Debug|x86.ActiveCfg = Debug|Any CPU
		{851362ED-6DF0-430C-B014-B100EB625CA7}.Debug|x86.Build.0 = Debug|Any CPU
		{851362ED-6DF0-430C-B014-B100EB625CA7}.Release|Any CPU.ActiveCfg = Release|Any CPU
		{851362ED-6DF0-430C-B014-B100EB625CA7}.Release|Any CPU.Build.0 = Release|Any CPU
		{851362ED-6DF0-430C-B014-B100EB625CA7}.Release|x64.ActiveCfg = Release|Any CPU
		{851362ED-6DF0-430C-B014-B100EB625CA7}.Release|x64.Build.0 = Release|Any CPU
		{851362ED-6DF0-430C-B014-B100EB625CA7}.Release|x86.ActiveCfg = Release|Any CPU
		{851362ED-6DF0-430C-B014-B100EB625CA7}.Release|x86.Build.0 = Release|Any CPU
		{CD281238-142E-4603-8205-FFB6E412D203}.Debug|Any CPU.ActiveCfg = Debug|Any CPU
		{CD281238-142E-4603-8205-FFB6E412D203}.Debug|Any CPU.Build.0 = Debug|Any CPU
		{CD281238-142E-4603-8205-FFB6E412D203}.Debug|x64.ActiveCfg = Debug|Any CPU
		{CD281238-142E-4603-8205-FFB6E412D203}.Debug|x64.Build.0 = Debug|Any CPU
		{CD281238-142E-4603-8205-FFB6E412D203}.Debug|x86.ActiveCfg = Debug|Any CPU
		{CD281238-142E-4603-8205-FFB6E412D203}.Debug|x86.Build.0 = Debug|Any CPU
		{CD281238-142E-4603-8205-FFB6E412D203}.Release|Any CPU.ActiveCfg = Release|Any CPU
		{CD281238-142E-4603-8205-FFB6E412D203}.Release|Any CPU.Build.0 = Release|Any CPU
		{CD281238-142E-4603-8205-FFB6E412D203}.Release|x64.ActiveCfg = Release|Any CPU
		{CD281238-142E-4603-8205-FFB6E412D203}.Release|x64.Build.0 = Release|Any CPU
		{CD281238-142E-4603-8205-FFB6E412D203}.Release|x86.ActiveCfg = Release|Any CPU
		{CD281238-142E-4603-8205-FFB6E412D203}.Release|x86.Build.0 = Release|Any CPU
	EndGlobalSection
EndGlobal
